<?xml version="1.0" encoding="utf-8"?>
<Project ToolsVersion="4.0" xmlns="http://schemas.microsoft.com/developer/msbuild/2003">
  <ItemGroup>
    <Filter Include="소스 파일">
      <UniqueIdentifier>{4FC737F1-C7A5-4376-A066-2A32D752A2FF}</UniqueIdentifier>
      <Extensions>cpp;c;cc;cxx;c++;cppm;ixx;def;odl;idl;hpj;bat;asm;asmx</Extensions>
    </Filter>
    <Filter Include="리소스 파일">
      <UniqueIdentifier>{67DA6AB6-F800-4c08-8B7A-83BB121AAD01}</UniqueIdentifier>
      <Extensions>rc;ico;cur;bmp;dlg;rc2;rct;bin;rgs;gif;jpg;jpeg;jpe;resx;tiff;tif;png;wav;mfcribbon-ms</Extensions>
    </Filter>
    <Filter Include="소스 파일\00. MainGame">
      <UniqueIdentifier>{2671ee76-3da1-4b88-be97-958df3e5ebb9}</UniqueIdentifier>
    </Filter>
    <Filter Include="소스 파일\99. Headers">
      <UniqueIdentifier>{6eb74315-82cf-4362-8398-afd70e68c505}</UniqueIdentifier>
    </Filter>
    <Filter Include="소스 파일\01. Manager">
      <UniqueIdentifier>{46315e73-2965-45d2-ba58-fd1c6003af18}</UniqueIdentifier>
    </Filter>
    <Filter Include="소스 파일\99. Headers\Default">
      <UniqueIdentifier>{85b42c1b-b932-449b-ad61-751ccd98133c}</UniqueIdentifier>
    </Filter>
    <Filter Include="소스 파일\03. Objects">
      <UniqueIdentifier>{b741397e-7f81-4acd-adbc-854de4d6bee2}</UniqueIdentifier>
    </Filter>
    <Filter Include="소스 파일\02. Scene">
      <UniqueIdentifier>{f1b601e4-0f54-4c6a-aded-750d75ae1013}</UniqueIdentifier>
    </Filter>
    <Filter Include="소스 파일\04. Resources">
      <UniqueIdentifier>{e4704ccc-fbed-4405-87b7-6af14f83ef4f}</UniqueIdentifier>
    </Filter>
    <Filter Include="소스 파일\03. Objects\Unreal">
      <UniqueIdentifier>{8adff639-07ef-476a-ba25-0573ab0c2f27}</UniqueIdentifier>
    </Filter>
    <Filter Include="소스 파일\05. Component">
      <UniqueIdentifier>{9b357866-93a1-4de2-a3f2-483cd62e155c}</UniqueIdentifier>
    </Filter>
  </ItemGroup>
  <ItemGroup>
    <ClInclude Include="GPIA2.h">
      <Filter>소스 파일\00. MainGame</Filter>
    </ClInclude>
    <ClInclude Include="pch.h">
      <Filter>소스 파일\99. Headers</Filter>
    </ClInclude>
    <ClInclude Include="Defines.h">
      <Filter>소스 파일\99. Headers</Filter>
    </ClInclude>
    <ClInclude Include="Enums.h">
      <Filter>소스 파일\99. Headers</Filter>
    </ClInclude>
    <ClInclude Include="Types.h">
      <Filter>소스 파일\99. Headers</Filter>
    </ClInclude>
    <ClInclude Include="framework.h">
      <Filter>소스 파일\99. Headers\Default</Filter>
    </ClInclude>
    <ClInclude Include="Game.h">
      <Filter>소스 파일\00. MainGame</Filter>
    </ClInclude>
    <ClInclude Include="Resource.h">
      <Filter>소스 파일\99. Headers\Default</Filter>
    </ClInclude>
    <ClInclude Include="targetver.h">
      <Filter>소스 파일\99. Headers\Default</Filter>
    </ClInclude>
    <ClInclude Include="InputManager.h">
      <Filter>소스 파일\01. Manager</Filter>
    </ClInclude>
    <ClInclude Include="TimeManager.h">
      <Filter>소스 파일\01. Manager</Filter>
    </ClInclude>
    <ClInclude Include="Utils.h">
      <Filter>소스 파일\99. Headers</Filter>
    </ClInclude>
    <ClInclude Include="SceneManager.h">
      <Filter>소스 파일\01. Manager</Filter>
    </ClInclude>
    <ClInclude Include="Scene.h">
      <Filter>소스 파일\02. Scene</Filter>
    </ClInclude>
    <ClInclude Include="DevScene.h">
      <Filter>소스 파일\02. Scene</Filter>
    </ClInclude>
    <ClInclude Include="Object.h">
      <Filter>소스 파일\03. Objects</Filter>
    </ClInclude>
    <ClInclude Include="EditScene.h">
      <Filter>소스 파일\02. Scene</Filter>
    </ClInclude>
    <ClInclude Include="ResourceBase.h">
      <Filter>소스 파일\04. Resources</Filter>
    </ClInclude>
    <ClInclude Include="ResourceManager.h">
      <Filter>소스 파일\01. Manager</Filter>
    </ClInclude>
    <ClInclude Include="Valus.h">
      <Filter>소스 파일\99. Headers</Filter>
    </ClInclude>
    <ClInclude Include="Texture.h">
      <Filter>소스 파일\04. Resources</Filter>
    </ClInclude>
    <ClInclude Include="Sprite.h">
      <Filter>소스 파일\04. Resources</Filter>
    </ClInclude>
    <ClInclude Include="Player.h">
      <Filter>소스 파일\03. Objects</Filter>
    </ClInclude>
    <ClInclude Include="SpriteActor.h">
      <Filter>소스 파일\03. Objects\Unreal</Filter>
    </ClInclude>
    <ClInclude Include="Actor.h">
      <Filter>소스 파일\03. Objects\Unreal</Filter>
    </ClInclude>
    <ClInclude Include="Component.h">
      <Filter>소스 파일\05. Component</Filter>
    </ClInclude>
  </ItemGroup>
  <ItemGroup>
    <ResourceCompile Include="GPIA2.rc">
      <Filter>리소스 파일</Filter>
    </ResourceCompile>
  </ItemGroup>
  <ItemGroup>
    <Image Include="small.ico">
      <Filter>리소스 파일</Filter>
    </Image>
    <Image Include="GPIA2.ico">
      <Filter>리소스 파일</Filter>
    </Image>
  </ItemGroup>
  <ItemGroup>
    <ClCompile Include="GPIA2.cpp">
      <Filter>소스 파일\00. MainGame</Filter>
    </ClCompile>
    <ClCompile Include="pch.cpp">
      <Filter>소스 파일\99. Headers</Filter>
    </ClCompile>
    <ClCompile Include="Game.cpp">
      <Filter>소스 파일\00. MainGame</Filter>
    </ClCompile>
    <ClCompile Include="InputManager.cpp">
      <Filter>소스 파일\01. Manager</Filter>
    </ClCompile>
    <ClCompile Include="TimeManager.cpp">
      <Filter>소스 파일\01. Manager</Filter>
    </ClCompile>
    <ClCompile Include="SceneManager.cpp">
      <Filter>소스 파일\01. Manager</Filter>
    </ClCompile>
    <ClCompile Include="Scene.cpp">
      <Filter>소스 파일\02. Scene</Filter>
    </ClCompile>
    <ClCompile Include="Utils.cpp">
      <Filter>소스 파일\99. Headers</Filter>
    </ClCompile>
    <ClCompile Include="DevScene.cpp">
      <Filter>소스 파일\02. Scene</Filter>
    </ClCompile>
    <ClCompile Include="Object.cpp">
      <Filter>소스 파일\03. Objects</Filter>
    </ClCompile>
    <ClCompile Include="EditScene.cpp">
      <Filter>소스 파일\02. Scene</Filter>
    </ClCompile>
    <ClCompile Include="ResourceBase.cpp">
      <Filter>소스 파일\04. Resources</Filter>
    </ClCompile>
    <ClCompile Include="ResourceManager.cpp">
      <Filter>소스 파일\01. Manager</Filter>
    </ClCompile>
    <ClCompile Include="Texture.cpp">
      <Filter>소스 파일\04. Resources</Filter>
    </ClCompile>
    <ClCompile Include="Sprite.cpp">
      <Filter>소스 파일\04. Resources</Filter>
    </ClCompile>
    <ClCompile Include="Player.cpp">
      <Filter>소스 파일\03. Objects</Filter>
    </ClCompile>
    <ClCompile Include="SpriteActor.cpp">
      <Filter>소스 파일\03. Objects\Unreal</Filter>
    </ClCompile>
    <ClCompile Include="Actor.cpp">
      <Filter>소스 파일\03. Objects\Unreal</Filter>
    </ClCompile>
    <ClCompile Include="Component.cpp">
      <Filter>소스 파일\05. Component</Filter>
    </ClCompile>
  </ItemGroup>
</Project>